version = 1
tool = "anvil"
tool_version = "0.8.0"
catalog_checksum = "sha256:fde57191770225ec148bbce22f2ec3d28ec0644be25bbc65344bdadb944e252b"

[[file]]
path = ".anvil/container/Dockerfile.dockerignore"
checksum = "sha256:3907b9d8d15211ef5adff9ac2bcd23023797ed7b9961a59e28324bb7666ec340"

[[file]]
path = ".github/actions/anvil-impact/action.yml"
checksum = "sha256:76be01852dc1f7e01905c4a8ad384ca57eefc15e2ed74c5c00f57dddefae9b6f"

[[file]]
path = ".github/actions/anvil-report-status/action.yml"
checksum = "sha256:9940d1947482150ac08fcb9b4150da99f5ae60642f4caeea137577ce0e709e08"

[[file]]
path = ".github/actions/anvil-run-group/action.yml"
checksum = "sha256:d564a0ce424cda58c8f5b2476cf0c8b36e759afbdf8227608bd1f3fc74913fdf"

[[file]]
path = ".github/actions/anvil-setup/action.yml"
checksum = "sha256:08bdc66a6ee94447aa1a60ece93c73fcbc930b7e331de85b2e9b78b5bc3d2e01"

[[file]]
path = ".github/actions/anvil-setup/just-problem-matcher.json"
checksum = "sha256:ea44d5e1a2cb1471cf2cef05eceab846d8afa45cf691be800f21fec1218da120"

[[file]]
path = ".github/instructions/cargo-anvil.instructions.md"
checksum = "sha256:cf59c434d6486248f6ebc16a450b88f64651969b7de6e904f14d383db1decfa5"

[[file]]
path = ".github/skills/cargo-anvil-adoption/SKILL.md"
checksum = "sha256:544f8753a539c1ca4172af6a7d68d49ab9350708f794384a189266500cee06d6"

[[file]]
path = ".github/skills/code-review/SKILL.md"
checksum = "sha256:7c43a36153ec346427892dca414fe971da616f99827fb5241167b1cf58a97b92"

[[file]]
path = ".github/workflows/anvil-pr-impl.yml"
checksum = "sha256:e10f85f0fc5d91da5a3f59e3a56698bef12259b4698e0b1812b673e29f5a516b"

[[file]]
path = ".github/workflows/anvil-pr.yml"
checksum = "sha256:0a6ce7ee090e895911e38d1c03ce677bbfcfd03366cc575d0448789f35a980ed"

[[file]]
path = ".github/workflows/anvil-scheduled-impl.yml"
checksum = "sha256:5550d9e336bff247a92cbea1698b38dde7b0f97ae811928f23e023fd773e3652"

[[file]]
path = ".github/workflows/anvil-scheduled.yml"
checksum = "sha256:d4d3bd645a5586e9a1cc3a5fc27e38c93e59b1e29f83ede0ccd610273eec00f4"

[[file]]
path = "justfiles/anvil/checks/aprz.just"
checksum = "sha256:e10edbbe60358ec930241cd5d4e681a84f30f9d5278e652696e2f149e112d066"

[[file]]
path = "justfiles/anvil/checks/audit.just"
checksum = "sha256:ef33da620683628208b4c5ad51f96f5f6424fe1d56c2d0475487228b1f1aec23"

[[file]]
path = "justfiles/anvil/checks/bench.just"
checksum = "sha256:850793443ada2151a895ee2728e81f03da5430facde16522bcc2e0c314a28577"

[[file]]
path = "justfiles/anvil/checks/bolero.just"
checksum = "sha256:5a1767c4ff911cec3b0870d675cbefb563193146cedd3a1cbfe1667215bdb264"

[[file]]
path = "justfiles/anvil/checks/careful.just"
checksum = "sha256:ea06cf7ebd7d5955b409db500a9ab193311af584437412d7bf0429fa70e43fac"

[[file]]
path = "justfiles/anvil/checks/cargo-hack.just"
checksum = "sha256:4eca78f197c2cf428b693c49cf0af4afb735b9c6caa8c83a71e5f5fd312a9bc1"

[[file]]
path = "justfiles/anvil/checks/cargo-sort.just"
checksum = "sha256:ab342c014199ffb58a9346b7b9fcea88201b5b60a07b06cbc9c4e5ef03bd18f5"

[[file]]
path = "justfiles/anvil/checks/clippy.just"
checksum = "sha256:945a1bf3bb1372b2bfbbfec00d520a97da56ebc5575b1e6292c421b52cc77243"

[[file]]
path = "justfiles/anvil/checks/deny.just"
checksum = "sha256:c5604e8cb0eaa2baf4e2e2c70032d037d21873090375ffcf1ee99983965f6635"

[[file]]
path = "justfiles/anvil/checks/doc-build.just"
checksum = "sha256:5ef9f04007813668a12c99c8415667800cef45843fdd7c4b263cea25547fedd4"

[[file]]
path = "justfiles/anvil/checks/doc-test.just"
checksum = "sha256:0e54c767de8e57a523a8b1b589a88ab6aca3169ac97d157c42d509d429f4b024"

[[file]]
path = "justfiles/anvil/checks/ensure-no-cyclic-deps.just"
checksum = "sha256:2d19930c33a93b49d0c9e9672a31d85e1ad4fb92faecc0fb599803139b11c18f"

[[file]]
path = "justfiles/anvil/checks/ensure-no-default-features.just"
checksum = "sha256:38e089afe176aea92c93ac6758154b206b6fc8940931035c0d059449fa824d6c"

[[file]]
path = "justfiles/anvil/checks/examples.just"
checksum = "sha256:8f60f5c660ab68d7e559ed2f6234a2094f005df9856cb56f77c79955ff3aeafb"

[[file]]
path = "justfiles/anvil/checks/external-types.just"
checksum = "sha256:7e67d90a9d8bd8cd5c8adb68baf41fdd4625bff4d425b5bf18b75baee62892a8"

[[file]]
path = "justfiles/anvil/checks/fmt.just"
checksum = "sha256:692e388c44f3c0de2c6bff873ea3440ee25cd6e56b48e0424ebf9c9b1bda4e66"

[[file]]
path = "justfiles/anvil/checks/license-headers.just"
checksum = "sha256:7aa0560dc9088b33e80cd55aee0a25090cbd3d3610652afd3734d0ca52ee7b47"

[[file]]
path = "justfiles/anvil/checks/llvm-cov.just"
checksum = "sha256:a6c45a290030fc56ab39ce92d7f89b7169485edc58d931381bf7957eec1622bd"

[[file]]
path = "justfiles/anvil/checks/loom.just"
checksum = "sha256:f4822a8f9cb282bc426790355ba83b63e778db9327e986ba3c86ae6205cfdabb"

[[file]]
path = "justfiles/anvil/checks/miri-race-coverage.just"
checksum = "sha256:f8435d359f4495a3a1b3693069b0bab371bf94c3698389d9749acf95704a3c45"

[[file]]
path = "justfiles/anvil/checks/miri-strict-provenance.just"
checksum = "sha256:2e3fafdb060f10635a0dc34b447db4f06d7dd1549e585440611a5018a1e4ef5c"

[[file]]
path = "justfiles/anvil/checks/miri-tree-borrows.just"
checksum = "sha256:c82f586402f2cb05397a40eec6fe95c7590df2cc52f0dd9da6879de08517561c"

[[file]]
path = "justfiles/anvil/checks/miri.just"
checksum = "sha256:e3f363260e6f306248b86281fc3aad70b9e0be52a3e0bfb2658c4230b4c7a368"

[[file]]
path = "justfiles/anvil/checks/msrv-test.just"
checksum = "sha256:adc3b25f4f0b563695335f85870d9f319606c5ca80fa3d118cf221388f4bb7e9"

[[file]]
path = "justfiles/anvil/checks/mutants-diff.just"
checksum = "sha256:e8d23688dcb86f82bf537e82c35ab8af9296d5530898645ddfe95132f9192bd0"

[[file]]
path = "justfiles/anvil/checks/mutants-full.just"
checksum = "sha256:604dfb6aa2742695ff638a7d2db6811a1bcbf27da73660027baacc86b2fe1509"

[[file]]
path = "justfiles/anvil/checks/pr-title.just"
checksum = "sha256:28734aa77526ca5c53d89a32c3e20ae6b42d2032c73ab6a1dbc9831f25cb0f76"

[[file]]
path = "justfiles/anvil/checks/readme-check.just"
checksum = "sha256:750354ba4528621f8fcf545fb6f5702a7cfe64526a83b5b98243ecb4d935f79e"

[[file]]
path = "justfiles/anvil/checks/semver-check.just"
checksum = "sha256:be0430a53007301db00602d4bc9296f51ad9b2f011583084d069c51b30939b74"

[[file]]
path = "justfiles/anvil/checks/spellcheck.just"
checksum = "sha256:2b2063f7e494dba51f805534bce5235132be1eeabde3a118d42d87ce49d51fd6"

[[file]]
path = "justfiles/anvil/checks/udeps.just"
checksum = "sha256:6efd7378a2cd0f5d86519bd32fd86f2055a60191187dd77a8842b374b8eb7102"

[[file]]
path = "justfiles/anvil/container.just"
checksum = "sha256:68a83a014c29bb32db24d8be8140a8a86b829a96f30e5ca72d9b43e06764a5b1"

[[file]]
path = "justfiles/anvil/dev/build.just"
checksum = "sha256:0bb312ad114d180657faf4bff47e8ef874c59703acce10170a65d6deffc6c117"

[[file]]
path = "justfiles/anvil/groups/pr-fast.just"
checksum = "sha256:29a219b7d8b2eaa605b0444838f05ffc7538ab8bccc43d1613c555f7562a731f"

[[file]]
path = "justfiles/anvil/groups/pr-msrv.just"
checksum = "sha256:5c862a1c7775742377e75d6848650070d11e9ce3facd9ab304b03dbca1c4b1d2"

[[file]]
path = "justfiles/anvil/groups/pr-mutants.just"
checksum = "sha256:19a5fb032f680eee2d2e4eca56dece0ced80ac15bd2332b8135915d884f804a1"

[[file]]
path = "justfiles/anvil/groups/pr-runtime-analysis.just"
checksum = "sha256:9a94b6ae2d212f91d324e401ebdb2238805f3450d95d4d45df791d7f1679a1bd"

[[file]]
path = "justfiles/anvil/groups/pr-slow.just"
checksum = "sha256:c3281f2044494dcfcfa7544b022ce3d751444241d93d3e8f136669d72d102528"

[[file]]
path = "justfiles/anvil/groups/pr-test.just"
checksum = "sha256:ea96d29e261b454a585c0ba3dc7954a35d0c726e9e94f6bb7c82f15261531330"

[[file]]
path = "justfiles/anvil/groups/scheduled-advisories.just"
checksum = "sha256:4f9940bb54fd7cd1d622f3207f7c43f38f95232a370f7537b15546271d88805d"

[[file]]
path = "justfiles/anvil/groups/scheduled-exhaustive.just"
checksum = "sha256:0b9023c614ae400c30f7131fc939b318bf6ee2ba086b18d45491fa30691694e7"

[[file]]
path = "justfiles/anvil/groups/scheduled-runtime-analysis.just"
checksum = "sha256:51d43ac7399183467cb137f655fa0f1f0c6cf4980aab019dc5898a40ad18259d"

[[file]]
path = "justfiles/anvil/groups/scheduled-test.just"
checksum = "sha256:04679222579a090769403f5aae7c9ffabbf5bd559ddb1f17b5a0655152172846"

[[file]]
path = "justfiles/anvil/helpers.just"
checksum = "sha256:dc42a4b2ed4a25e3a37b322dad209df34d7adca88bf3c4de60b2f8c1b396e23b"

[[file]]
path = "justfiles/anvil/impact.just"
checksum = "sha256:0b3a5c96dd33384b4c86ac02b17396bc1a9fe9c82edbc516a2ceea7f4fe3833d"

[[file]]
path = "justfiles/anvil/mod.just"
checksum = "sha256:43d04edd4067ab7c76472d020e46caa5a406d25a11e45007ed865626f6a049eb"

[[file]]
path = "justfiles/anvil/tiers.just"
checksum = "sha256:00453a12cbb34811ee6a2c083dade5f6198575e3b0610f49e4743366326cdd18"

[[file]]
path = "justfiles/anvil/tools.just"
checksum = "sha256:77329a0cb72de82742e7f48b6c8c06874e13b5c1622dc8080ce003e0c5ece251"

[[file]]
path = "justfiles/anvil/versions.just"
checksum = "sha256:321c52416fe0024450d9293396144b0171d0818a013cda5fb026599a06a5f90d"

[[region]]
host = ".anvil/container/Dockerfile"
id = "anvil-container-base"
checksum = "sha256:734e21d8ae8ce8c0a00f54a36a3a9f15a02b52eff11c27f3de4f7cd60bb95449"

[[region]]
host = ".anvil/container/Dockerfile"
id = "anvil-container-base-image"
checksum = "sha256:64fa253bd48baecd440ae02cb13d2626e17be6e2bb0e1b19e3345baeade04abb"

[[region]]
host = ".anvil/container/Dockerfile"
id = "anvil-container-entry"
checksum = "sha256:7b409a9b560c214e10b50f74330fb6f8c0c12c3d83494e0dcf016f2411b50365"

[[region]]
host = ".anvil/container/Dockerfile"
id = "anvil-container-setup"
checksum = "sha256:6a516c50a5a717a2b7635e043f2cc33fd872bdf5950a456718518b1af0bf75f9"

[[region]]
host = ".anvil/container/Dockerfile"
id = "anvil-container-tools"
checksum = "sha256:ba7456ca88da39f72024dd0616e56d49d1aef7a5d26b81a8b33efccb13321379"

[[region]]
host = ".delta.toml"
id = "anvil-delta"
checksum = "sha256:b66778758af55d0f76edfd9e92e65426d203e1c248bca7668716b63161b79320"

[[region]]
host = ".gitattributes"
id = "anvil-gitattributes"
checksum = "sha256:b91854c7f0e6d14c74751f607d2c0e3dfcefef55f5178bbafae59d47e577aa1a"

[[region]]
host = "Cargo.toml"
id = "anvil-workspace-lints"
checksum = "sha256:8257f8c96103501ef0af020ce686ffcd7333fa5704f701b33758468baa9cdd98"

[[region]]
host = "Justfile"
id = "anvil-imports"
checksum = "sha256:f8affd59b69c7083c2f3b6f593c63672116dda974c1e661dcb66a4412eb3eada"

[[region]]
host = "clippy.toml"
id = "anvil-clippy"
checksum = "sha256:aba0733632eac4cb54c4768db578fe1f7b7cfe730aa0d7dc13e2828c9062d67d"

[[region]]
host = "crates/automation/Cargo.toml"
id = "anvil-lints"
checksum = "sha256:2dd7c0f21339fd17092b8dedfe924aa86732c3520baab84f914c2d8f4103ac40"

[[region]]
host = "crates/cargo-anvil/Cargo.toml"
id = "anvil-lints"
checksum = "sha256:2dd7c0f21339fd17092b8dedfe924aa86732c3520baab84f914c2d8f4103ac40"

[[region]]
host = "crates/cargo-aprz-lib/Cargo.toml"
id = "anvil-lints"
checksum = "sha256:2dd7c0f21339fd17092b8dedfe924aa86732c3520baab84f914c2d8f4103ac40"

[[region]]
host = "crates/cargo-aprz/Cargo.toml"
id = "anvil-lints"
checksum = "sha256:2dd7c0f21339fd17092b8dedfe924aa86732c3520baab84f914c2d8f4103ac40"

[[region]]
host = "crates/cargo-coverage-gate/Cargo.toml"
id = "anvil-lints"
checksum = "sha256:2dd7c0f21339fd17092b8dedfe924aa86732c3520baab84f914c2d8f4103ac40"

[[region]]
host = "crates/cargo-each/Cargo.toml"
id = "anvil-lints"
checksum = "sha256:2dd7c0f21339fd17092b8dedfe924aa86732c3520baab84f914c2d8f4103ac40"

[[region]]
host = "crates/cargo-ensure-no-default-features/Cargo.toml"
id = "anvil-lints"
checksum = "sha256:2dd7c0f21339fd17092b8dedfe924aa86732c3520baab84f914c2d8f4103ac40"

[[region]]
host = "crates/cargo-gamma-attrs-impl/Cargo.toml"
id = "anvil-lints"
checksum = "sha256:2dd7c0f21339fd17092b8dedfe924aa86732c3520baab84f914c2d8f4103ac40"

[[region]]
host = "crates/cargo-gamma-attrs/Cargo.toml"
id = "anvil-lints"
checksum = "sha256:2dd7c0f21339fd17092b8dedfe924aa86732c3520baab84f914c2d8f4103ac40"

[[region]]
host = "crates/cargo-gamma-engine/Cargo.toml"
id = "anvil-lints"
checksum = "sha256:2dd7c0f21339fd17092b8dedfe924aa86732c3520baab84f914c2d8f4103ac40"

[[region]]
host = "crates/cargo-gamma-lib/Cargo.toml"
id = "anvil-lints"
checksum = "sha256:2dd7c0f21339fd17092b8dedfe924aa86732c3520baab84f914c2d8f4103ac40"

[[region]]
host = "crates/cargo-gamma-process/Cargo.toml"
id = "anvil-lints"
checksum = "sha256:2dd7c0f21339fd17092b8dedfe924aa86732c3520baab84f914c2d8f4103ac40"

[[region]]
host = "crates/cargo-gamma-rt/Cargo.toml"
id = "anvil-lints"
checksum = "sha256:2dd7c0f21339fd17092b8dedfe924aa86732c3520baab84f914c2d8f4103ac40"

[[region]]
host = "crates/cargo-gamma-unsafe/Cargo.toml"
id = "anvil-lints"
checksum = "sha256:2dd7c0f21339fd17092b8dedfe924aa86732c3520baab84f914c2d8f4103ac40"

[[region]]
host = "crates/cargo-gamma/Cargo.toml"
id = "anvil-lints"
checksum = "sha256:2dd7c0f21339fd17092b8dedfe924aa86732c3520baab84f914c2d8f4103ac40"

[[region]]
host = "crates/cargo-heather/Cargo.toml"
id = "anvil-lints"
checksum = "sha256:2dd7c0f21339fd17092b8dedfe924aa86732c3520baab84f914c2d8f4103ac40"

[[region]]
host = "crates/cargo_ensure_no_cyclic_deps/Cargo.toml"
id = "anvil-lints"
checksum = "sha256:2dd7c0f21339fd17092b8dedfe924aa86732c3520baab84f914c2d8f4103ac40"

[[region]]
host = "deny.toml"
id = "anvil-deny-advisories"
checksum = "sha256:33c41d1b48567b929fc485915ba8465be2a0fc7186b321fcd55dda2330572b6b"

[[region]]
host = "deny.toml"
id = "anvil-deny-bans"
checksum = "sha256:3d1fae3bd4be3e549900528b40d2bff38ac1539a6b4647f18ba46a440350e199"

[[region]]
host = "deny.toml"
id = "anvil-deny-licenses"
checksum = "sha256:46d7144a403be402bceeabc48e2e0c3b9bd1738339712d4e90b04d6fdab5cabe"

[[region]]
host = "deny.toml"
id = "anvil-deny-sources"
checksum = "sha256:920e1e1fed8cf6ac2173cb489d19153d167e806d26fdb73c8b91b7ddf44d0815"

[[region]]
host = "rustfmt.toml"
id = "anvil-rustfmt"
checksum = "sha256:c21c68f3f9e46e8a958513e80ebce393d2e2ec8b90e2ded5416bca4215ffa8b7"

[[region]]
host = "spellcheck.toml"
id = "anvil-spellcheck"
checksum = "sha256:3d85d17a4e9a9a6770738b67d93a801375ffadd159e506eef81e5a9ffe1da0d7"
